
Microsoft Visual Studio Solution File, Format Version 12.00
# Visual Studio Version 17
VisualStudioVersion = 17.11.35222.181
MinimumVisualStudioVersion = 10.0.40219.1
Project("{9A19103F-16F7-4668-BE54-9A1E7A4F7556}") = "Study_Timeline", "Study_Timeline\Study_Timeline.csproj", "{DB922A5E-226B-4226-A0EB-A5566F36F401}"
EndProject
Project("{9A19103F-16F7-4668-BE54-9A1E7A4F7556}") = "Study_Timeline.Logic", "Study_Timeline.Logic\Study_Timeline.Logic.csproj", "{BB635385-2DD9-4C47-8566-7A82C584BD1A}"
EndProject
Project("{9A19103F-16F7-4668-BE54-9A1E7A4F7556}") = "Study_Timeline.Data", "Study_Timeline.Data\Study_Timeline.Data.csproj", "{9DA30F36-B36F-467C-AA12-FA40A1B656AD}"
EndProject
Project("{2150E333-8FDC-42A3-9474-1A3956D46DE8}") = "01. Presentation", "01. Presentation", "{6E628637-FC83-4E55-A819-1A854753DAD6}"
EndProject
Project("{2150E333-8FDC-42A3-9474-1A3956D46DE8}") = "02. Logic", "02. Logic", "{D8CC14B2-A1BB-4FFB-8DAE-87AE404CD993}"
EndProject
Project("{2150E333-8FDC-42A3-9474-1A3956D46DE8}") = "03. Data", "03. Data", "{B3EBA608-CC65-4143-BA72-CC43EA77DDA4}"
EndProject
Project("{2150E333-8FDC-42A3-9474-1A3956D46DE8}") = "10. UnitTest", "10. UnitTest", "{978AA8B5-9936-4E5A-AE47-E2FC1181210A}"
EndProject
Project("{FAE04EC0-301F-11D3-BF4B-00C04F79EFBC}") = "Study_Timeline.Test", "Study_Timeline.Test\Study_Timeline.Test.csproj", "{175F1856-7BE3-4399-8D78-CF48BBB2D0B2}"
EndProject
Global
	GlobalSection(SolutionConfigurationPlatforms) = preSolution
		Debug|Any CPU = Debug|Any CPU
		Release|Any CPU = Release|Any CPU
	EndGlobalSection
	GlobalSection(ProjectConfigurationPlatforms) = postSolution
		{DB922A5E-226B-4226-A0EB-A5566F36F401}.Debug|Any CPU.ActiveCfg = Debug|Any CPU
		{DB922A5E-226B-4226-A0EB-A5566F36F401}.Debug|Any CPU.Build.0 = Debug|Any CPU
		{DB922A5E-226B-4226-A0EB-A5566F36F401}.Release|Any CPU.ActiveCfg = Release|Any CPU
		{DB922A5E-226B-4226-A0EB-A5566F36F401}.Release|Any CPU.Build.0 = Release|Any CPU
		{BB635385-2DD9-4C47-8566-7A82C584BD1A}.Debug|Any CPU.ActiveCfg = Debug|Any CPU
		{BB635385-2DD9-4C47-8566-7A82C584BD1A}.Debug|Any CPU.Build.0 = Debug|Any CPU
		{BB635385-2DD9-4C47-8566-7A82C584BD1A}.Release|Any CPU.ActiveCfg = Release|Any CPU
		{BB635385-2DD9-4C47-8566-7A82C584BD1A}.Release|Any CPU.Build.0 = Release|Any CPU
		{9DA30F36-B36F-467C-AA12-FA40A1B656AD}.Debug|Any CPU.ActiveCfg = Debug|Any CPU
		{9DA30F36-B36F-467C-AA12-FA40A1B656AD}.Debug|Any CPU.Build.0 = Debug|Any CPU
		{9DA30F36-B36F-467C-AA12-FA40A1B656AD}.Release|Any CPU.ActiveCfg = Release|Any CPU
		{9DA30F36-B36F-467C-AA12-FA40A1B656AD}.Release|Any CPU.Build.0 = Release|Any CPU
		{175F1856-7BE3-4399-8D78-CF48BBB2D0B2}.Debug|Any CPU.ActiveCfg = Debug|Any CPU
		{175F1856-7BE3-4399-8D78-CF48BBB2D0B2}.Debug|Any CPU.Build.0 = Debug|Any CPU
		{175F1856-7BE3-4399-8D78-CF48BBB2D0B2}.Release|Any CPU.ActiveCfg = Release|Any CPU
		{175F1856-7BE3-4399-8D78-CF48BBB2D0B2}.Release|Any CPU.Build.0 = Release|Any CPU
	EndGlobalSection
	GlobalSection(SolutionProperties) = preSolution
		HideSolutionNode = FALSE
	EndGlobalSection
	GlobalSection(NestedProjects) = preSolution
		{DB922A5E-226B-4226-A0EB-A5566F36F401} = {6E628637-FC83-4E55-A819-1A854753DAD6}
		{BB635385-2DD9-4C47-8566-7A82C584BD1A} = {D8CC14B2-A1BB-4FFB-8DAE-87AE404CD993}
		{9DA30F36-B36F-467C-AA12-FA40A1B656AD} = {B3EBA608-CC65-4143-BA72-CC43EA77DDA4}
		{175F1856-7BE3-4399-8D78-CF48BBB2D0B2} = {978AA8B5-9936-4E5A-AE47-E2FC1181210A}
	EndGlobalSection
	GlobalSection(ExtensibilityGlobals) = postSolution
		SolutionGuid = {DAEE01E5-76A5-45D9-BFF3-52C40E292B2D}
	EndGlobalSection
EndGlobal
